{
  "name": "ckvf-js",
  "version": "0.1.0",
  "lockfileVersion": 3,
  "requires": true,
  "packages": {
    "": {
      "name": "ckvf-js",
      "version": "0.1.0",
      "license": "Apache-2.0",
      "workspaces": [
        "packages/core",
        "packages/node",
        "packages/browser",
        "packages/conformance"
      ],
      "devDependencies": {
        "@types/node": "^22.13.10",
        "typescript": "^5.8.2"
      },
      "engines": {
        "node": ">=20.0.0"
      }
    },
    "node_modules/@ckvf/browser": {
      "resolved": "packages/browser",
      "link": true
    },
    "node_modules/@ckvf/conformance": {
      "resolved": "packages/conformance",
      "link": true
    },
    "node_modules/@ckvf/core": {
      "resolved": "packages/core",
      "link": true
    },
    "node_modules/@ckvf/node": {
      "resolved": "packages/node",
      "link": true
    },
    "node_modules/@noble/curves": {
      "version": "2.4.0",
      "resolved": "https://registry.npmjs.org/@noble/curves/-/curves-2.4.0.tgz",
      "integrity": "sha512-P4/62zrgfH33CneE3Dn4WhJVA22YUU0eR51wKIan4NVRvwsA0YnPTwWGpNbpuacSujmSFLvyzpyuR30+fbq2Ew==",
      "dev": true,
      "license": "MIT",
      "dependencies": {
        "@noble/hashes": "2.4.0"
      },
      "engines": {
        "node": ">= 20.19.0"
      },
      "funding": {
        "url": "https://paulmillr.com/funding/"
      }
    },
    "node_modules/@noble/hashes": {
      "version": "2.4.0",
      "resolved": "https://registry.npmjs.org/@noble/hashes/-/hashes-2.4.0.tgz",
      "integrity": "sha512-X5XaVWZIBCT7HHZGm5I7ZQXDwLG+bGXuSrMQAW+7Zvl87h1kmc1ZB1VSRJcpUfoUrGQp4Fkoxm5kZ+Ms+aW+eA==",
      "dev": true,
      "license": "MIT",
      "engines": {
        "node": ">= 20.19.0"
      },
      "funding": {
        "url": "https://paulmillr.com/funding/"
      }
    },
    "node_modules/@types/node": {
      "version": "22.20.1",
      "resolved": "https://registry.npmjs.org/@types/node/-/node-22.20.1.tgz",
      "integrity": "sha512-EANqOCF9QFyra+4pfxUcX9STKJpCLjMbObVzljIJomAWSnuSIEAvyzEU53GaajbXJEgdh0iEcPL+DGvpUd4k1Q==",
      "dev": true,
      "license": "MIT",
      "dependencies": {
        "undici-types": "~6.21.0"
      }
    },
    "node_modules/hash-wasm": {
      "version": "4.12.0",
      "resolved": "https://registry.npmjs.org/hash-wasm/-/hash-wasm-4.12.0.tgz",
      "integrity": "sha512-+/2B2rYLb48I/evdOIhP+K/DD2ca2fgBjp6O+GBEnCDk2e4rpeXIK8GvIyRPjTezgmWn9gmKwkQjjx6BtqDHVQ==",
      "license": "MIT"
    },
    "node_modules/typescript": {
      "version": "5.9.3",
      "resolved": "https://registry.npmjs.org/typescript/-/typescript-5.9.3.tgz",
      "integrity": "sha512-jl1vZzPDinLr9eUt3J/t7V6FgNEw9QjvBPdysz9KfQDD41fQrC2Y4vKQdiaUpFT4bXlb1RHhLpp8wtm6M5TgSw==",
      "dev": true,
      "license": "Apache-2.0",
      "bin": {
        "tsc": "bin/tsc",
        "tsserver": "bin/tsserver"
      },
      "engines": {
        "node": ">=14.17"
      }
    },
    "node_modules/undici-types": {
      "version": "6.21.0",
      "resolved": "https://registry.npmjs.org/undici-types/-/undici-types-6.21.0.tgz",
      "integrity": "sha512-iwDZqg0QAGrg9Rav5H4n0M64c3mkR59cJ6wQp+7C4nI0gsmExaedaYLNO44eT4AtBBwjbTiGPMlt2Md0T9H9JQ==",
      "dev": true,
      "license": "MIT"
    },
    "packages/browser": {
      "name": "@ckvf/browser",
      "version": "0.1.0",
      "license": "Apache-2.0",
      "dependencies": {
        "@ckvf/core": "0.1.0",
        "hash-wasm": "^4.12.0"
      }
    },
    "packages/conformance": {
      "name": "@ckvf/conformance",
      "version": "0.1.0",
      "license": "Apache-2.0",
      "dependencies": {
        "@ckvf/core": "0.1.0",
        "@ckvf/node": "0.1.0"
      },
      "bin": {
        "ckvf-conformance": "dist/cli.js"
      }
    },
    "packages/core": {
      "name": "@ckvf/core",
      "version": "0.1.0",
      "license": "Apache-2.0",
      "engines": {
        "node": ">=20.0.0"
      }
    },
    "packages/node": {
      "name": "@ckvf/node",
      "version": "0.1.0",
      "license": "Apache-2.0",
      "dependencies": {
        "@ckvf/core": "0.1.0",
        "hash-wasm": "^4.12.0"
      },
      "devDependencies": {
        "@ckvf/browser": "0.1.0",
        "@noble/curves": "^2.4.0"
      },
      "engines": {
        "node": ">=20.0.0"
      }
    }
  }
}
